
Microsoft Visual Studio Solution File, Format Version 12.00
# Visual Studio Version 17
VisualStudioVersion = 17.14.36518.9 d17.14
MinimumVisualStudioVersion = 10.0.40219.1
Project("{FAE04EC0-301F-11D3-BF4B-00C04F79EFBC}") = "Bookworm.API", "Bookworm.API.csproj", "{19B72A8B-D7BC-42CC-8F20-B15EB154BEFF}"
EndProject
Global
	GlobalSection(SolutionConfigurationPlatforms) = preSolution
		Debug|Any CPU = Debug|Any CPU
		Release|Any CPU = Release|Any CPU
	EndGlobalSection
	GlobalSection(ProjectConfigurationPlatforms) = postSolution
		{19B72A8B-D7BC-42CC-8F20-B15EB154BEFF}.Debug|Any CPU.ActiveCfg = Debug|Any CPU
		{19B72A8B-D7BC-42CC-8F20-B15EB154BEFF}.Debug|Any CPU.Build.0 = Debug|Any CPU
		{19B72A8B-D7BC-42CC-8F20-B15EB154BEFF}.Release|Any CPU.ActiveCfg = Release|Any CPU
		{19B72A8B-D7BC-42CC-8F20-B15EB154BEFF}.Release|Any CPU.Build.0 = Release|Any CPU
	EndGlobalSection
	GlobalSection(SolutionProperties) = preSolution
		HideSolutionNode = FALSE
	EndGlobalSection
	GlobalSection(ExtensibilityGlobals) = postSolution
		SolutionGuid = {32FD970A-8F83-4512-B9BB-C402BB7F8AEC}
	EndGlobalSection
EndGlobal
